# THIS IS AN AUTOGENERATED FILE. DO NOT EDIT THIS FILE DIRECTLY.
# yarn lockfile v1


graceful-fs@^4.1.2:
  version "4.1.11"
  resolved "https://registry.yarnpkg.com/graceful-fs/-/graceful-fs-4.1.11.tgz#0e8bdfe4d1ddb8854d64e04ea7c00e2a026e5658"

is-stream@^1.1.0:
  version "1.1.0"
  resolved "https://registry.yarnpkg.com/is-stream/-/is-stream-1.1.0.tgz#12d4a3dd4e68e0b79ceb8dbc84173ae80d91ca44"

is-wsl@^1.1.0:
  version "1.1.0"
  resolved "https://registry.yarnpkg.com/is-wsl/-/is-wsl-1.1.0.tgz#1f16e4aa22b04d1336b66188a66af3c600c3a66d"

make-dir@^1.0.0:
  version "1.0.0"
  resolved "https://registry.yarnpkg.com/make-dir/-/make-dir-1.0.0.tgz#97a011751e91dd87cfadef58832ebb04936de978"
  dependencies:
    pify "^2.3.0"

opn@^5.1.0:
  version "5.1.0"
  resolved "https://registry.yarnpkg.com/opn/-/opn-5.1.0.tgz#72ce2306a17dbea58ff1041853352b4a8fc77519"
  dependencies:
    is-wsl "^1.1.0"

pify@^2.2.0, pify@^2.3.0:
  version "2.3.0"
  resolved "https://registry.yarnpkg.com/pify/-/pify-2.3.0.tgz#ed141a6ac043a849ea588498e7dca8b15330e90c"

temp-dir@^1.0.0:
  version "1.0.0"
  resolved "https://registry.yarnpkg.com/temp-dir/-/temp-dir-1.0.0.tgz#0a7c0ea26d3a39afa7e0ebea9c1fc0bc4daa011d"

temp-write@^3.3.0:
  version "3.3.0"
  resolved "https://registry.yarnpkg.com/temp-write/-/temp-write-3.3.0.tgz#c1a96de2b36061342eae81f44ff001aec8f615a9"
  dependencies:
    graceful-fs "^4.1.2"
    is-stream "^1.1.0"
    make-dir "^1.0.0"
    pify "^2.2.0"
    temp-dir "^1.0.0"
    uuid "^3.0.1"

uuid@^3.0.1:
  version "3.1.0"
  resolved "https://registry.yarnpkg.com/uuid/-/uuid-3.1.0.tgz#3dd3d3e790abc24d7b0d3a034ffababe28ebbc04"
